
Microsoft Visual Studio Solution File, Format Version 12.00
# Visual Studio Version 17
VisualStudioVersion = 17.4.33110.190
MinimumVisualStudioVersion = 10.0.40219.1
Project("{FAE04EC0-301F-11D3-BF4B-00C04F79EFBC}") = "Day 03", "Day 03\Day 03.csproj", "{D5E7ADA4-4CE3-461B-978D-024D2414F576}"
EndProject
Global
	GlobalSection(SolutionConfigurationPlatforms) = preSolution
		Debug|Any CPU = Debug|Any CPU
		Release|Any CPU = Release|Any CPU
	EndGlobalSection
	GlobalSection(ProjectConfigurationPlatforms) = postSolution
		{D5E7ADA4-4CE3-461B-978D-024D2414F576}.Debug|Any CPU.ActiveCfg = Debug|Any CPU
		{D5E7ADA4-4CE3-461B-978D-024D2414F576}.Debug|Any CPU.Build.0 = Debug|Any CPU
		{D5E7ADA4-4CE3-461B-978D-024D2414F576}.Release|Any CPU.ActiveCfg = Release|Any CPU
		{D5E7ADA4-4CE3-461B-978D-024D2414F576}.Release|Any CPU.Build.0 = Release|Any CPU
	EndGlobalSection
	GlobalSection(SolutionProperties) = preSolution
		HideSolutionNode = FALSE
	EndGlobalSection
	GlobalSection(ExtensibilityGlobals) = postSolution
		SolutionGuid = {54D52549-C626-4D46-9EFC-1B0608C79491}
	EndGlobalSection
EndGlobal
