
Microsoft Visual Studio Solution File, Format Version 12.00
# Visual Studio Version 17
VisualStudioVersion = 17.4.33110.190
MinimumVisualStudioVersion = 10.0.40219.1
Project("{FAE04EC0-301F-11D3-BF4B-00C04F79EFBC}") = "Day 06", "Day 06\Day 06.csproj", "{BF2E782E-C7F2-4020-B89D-B3C4E757CB70}"
EndProject
Global
	GlobalSection(SolutionConfigurationPlatforms) = preSolution
		Debug|Any CPU = Debug|Any CPU
		Release|Any CPU = Release|Any CPU
	EndGlobalSection
	GlobalSection(ProjectConfigurationPlatforms) = postSolution
		{BF2E782E-C7F2-4020-B89D-B3C4E757CB70}.Debug|Any CPU.ActiveCfg = Debug|Any CPU
		{BF2E782E-C7F2-4020-B89D-B3C4E757CB70}.Debug|Any CPU.Build.0 = Debug|Any CPU
		{BF2E782E-C7F2-4020-B89D-B3C4E757CB70}.Release|Any CPU.ActiveCfg = Release|Any CPU
		{BF2E782E-C7F2-4020-B89D-B3C4E757CB70}.Release|Any CPU.Build.0 = Release|Any CPU
	EndGlobalSection
	GlobalSection(SolutionProperties) = preSolution
		HideSolutionNode = FALSE
	EndGlobalSection
	GlobalSection(ExtensibilityGlobals) = postSolution
		SolutionGuid = {8349E366-ECD3-41B6-88FB-FC8D5760C3D4}
	EndGlobalSection
EndGlobal
