
Microsoft Visual Studio Solution File, Format Version 12.00
# Visual Studio Version 17
VisualStudioVersion = 17.4.33205.214
MinimumVisualStudioVersion = 10.0.40219.1
Project("{FAE04EC0-301F-11D3-BF4B-00C04F79EFBC}") = "Day 20", "Day 20\Day 20.csproj", "{42ADBB80-6F2D-4B81-8620-D7CB7C871A3A}"
EndProject
Global
	GlobalSection(SolutionConfigurationPlatforms) = preSolution
		Debug|Any CPU = Debug|Any CPU
		Release|Any CPU = Release|Any CPU
	EndGlobalSection
	GlobalSection(ProjectConfigurationPlatforms) = postSolution
		{42ADBB80-6F2D-4B81-8620-D7CB7C871A3A}.Debug|Any CPU.ActiveCfg = Debug|Any CPU
		{42ADBB80-6F2D-4B81-8620-D7CB7C871A3A}.Debug|Any CPU.Build.0 = Debug|Any CPU
		{42ADBB80-6F2D-4B81-8620-D7CB7C871A3A}.Release|Any CPU.ActiveCfg = Release|Any CPU
		{42ADBB80-6F2D-4B81-8620-D7CB7C871A3A}.Release|Any CPU.Build.0 = Release|Any CPU
	EndGlobalSection
	GlobalSection(SolutionProperties) = preSolution
		HideSolutionNode = FALSE
	EndGlobalSection
	GlobalSection(ExtensibilityGlobals) = postSolution
		SolutionGuid = {583C21DC-5A9E-4E3F-967D-7DB8328F77BA}
	EndGlobalSection
EndGlobal
