
Microsoft Visual Studio Solution File, Format Version 12.00
# Visual Studio Version 17
VisualStudioVersion = 17.4.33205.214
MinimumVisualStudioVersion = 10.0.40219.1
Project("{FAE04EC0-301F-11D3-BF4B-00C04F79EFBC}") = "Day 24", "Day 24\Day 24.csproj", "{2CCED7E3-3FFC-440D-B990-7F77400C2B6F}"
EndProject
Global
	GlobalSection(SolutionConfigurationPlatforms) = preSolution
		Debug|Any CPU = Debug|Any CPU
		Release|Any CPU = Release|Any CPU
	EndGlobalSection
	GlobalSection(ProjectConfigurationPlatforms) = postSolution
		{2CCED7E3-3FFC-440D-B990-7F77400C2B6F}.Debug|Any CPU.ActiveCfg = Debug|Any CPU
		{2CCED7E3-3FFC-440D-B990-7F77400C2B6F}.Debug|Any CPU.Build.0 = Debug|Any CPU
		{2CCED7E3-3FFC-440D-B990-7F77400C2B6F}.Release|Any CPU.ActiveCfg = Release|Any CPU
		{2CCED7E3-3FFC-440D-B990-7F77400C2B6F}.Release|Any CPU.Build.0 = Release|Any CPU
	EndGlobalSection
	GlobalSection(SolutionProperties) = preSolution
		HideSolutionNode = FALSE
	EndGlobalSection
	GlobalSection(ExtensibilityGlobals) = postSolution
		SolutionGuid = {6CFF9735-0DF9-4DB0-A59E-1EC94912A5E5}
	EndGlobalSection
EndGlobal
