
Microsoft Visual Studio Solution File, Format Version 12.00
# Visual Studio Version 17
VisualStudioVersion = 17.4.33110.190
MinimumVisualStudioVersion = 10.0.40219.1
Project("{FAE04EC0-301F-11D3-BF4B-00C04F79EFBC}") = "ConsoleApp1", "ConsoleApp1\ConsoleApp1.csproj", "{83658A6C-5314-4D9D-BD98-E08B44F74E7C}"
EndProject
Global
	GlobalSection(SolutionConfigurationPlatforms) = preSolution
		Debug|Any CPU = Debug|Any CPU
		Release|Any CPU = Release|Any CPU
	EndGlobalSection
	GlobalSection(ProjectConfigurationPlatforms) = postSolution
		{83658A6C-5314-4D9D-BD98-E08B44F74E7C}.Debug|Any CPU.ActiveCfg = Debug|Any CPU
		{83658A6C-5314-4D9D-BD98-E08B44F74E7C}.Debug|Any CPU.Build.0 = Debug|Any CPU
		{83658A6C-5314-4D9D-BD98-E08B44F74E7C}.Release|Any CPU.ActiveCfg = Release|Any CPU
		{83658A6C-5314-4D9D-BD98-E08B44F74E7C}.Release|Any CPU.Build.0 = Release|Any CPU
	EndGlobalSection
	GlobalSection(SolutionProperties) = preSolution
		HideSolutionNode = FALSE
	EndGlobalSection
	GlobalSection(ExtensibilityGlobals) = postSolution
		SolutionGuid = {AE9795FF-7219-4909-8A03-E363CAE263EA}
	EndGlobalSection
EndGlobal
